PODS:
  - CCBluetooth (0.5.8):
    - CCToolbox
  - CCToolbox (0.7.6)

DEPENDENCIES:
  - CCBluetooth (from `../`)
  - CCToolbox (from `https://github.com/uhnmdi/CCToolbox.git`)

EXTERNAL SOURCES:
  CCBluetooth:
    :path: ../
  CCToolbox:
    :git: https://github.com/uhnmdi/CCToolbox.git

CHECKOUT OPTIONS:
  CCToolbox:
    :commit: c4089311f7b91932cbd2bcfd42379c3e6b117f26
    :git: https://github.com/uhnmdi/CCToolbox.git

SPEC CHECKSUMS:
  CCBluetooth: cc605544b86213b99de03976dc57dae8a7660e4e
  CCToolbox: d1e11716709b31cf03514598e76cacef11d93cb6

PODFILE CHECKSUM: bb89634e39327cf556ec6c616e362119dc18a064

COCOAPODS: 1.3.1
